
Microsoft Visual Studio Solution File, Format Version 12.00
# Visual Studio Version 16
VisualStudioVersion = 16.0.34114.132
MinimumVisualStudioVersion = 10.0.40219.1
Project("{FAE04EC0-301F-11D3-BF4B-00C04F79EFBC}") = "RadioECheck", "RadioECheck\RadioECheck.csproj", "{1D65928A-C458-4695-9675-367DF7BB84A9}"
EndProject
Global
	GlobalSection(SolutionConfigurationPlatforms) = preSolution
		Debug|Any CPU = Debug|Any CPU
		Release|Any CPU = Release|Any CPU
	EndGlobalSection
	GlobalSection(ProjectConfigurationPlatforms) = postSolution
		{1D65928A-C458-4695-9675-367DF7BB84A9}.Debug|Any CPU.ActiveCfg = Debug|Any CPU
		{1D65928A-C458-4695-9675-367DF7BB84A9}.Debug|Any CPU.Build.0 = Debug|Any CPU
		{1D65928A-C458-4695-9675-367DF7BB84A9}.Release|Any CPU.ActiveCfg = Release|Any CPU
		{1D65928A-C458-4695-9675-367DF7BB84A9}.Release|Any CPU.Build.0 = Release|Any CPU
	EndGlobalSection
	GlobalSection(SolutionProperties) = preSolution
		HideSolutionNode = FALSE
	EndGlobalSection
	GlobalSection(ExtensibilityGlobals) = postSolution
		SolutionGuid = {29057298-10A8-4794-BC89-EC5126A66926}
	EndGlobalSection
EndGlobal
